
Microsoft Visual Studio Solution File, Format Version 12.00
# Visual Studio Version 16
VisualStudioVersion = 16.0.29911.84
MinimumVisualStudioVersion = 10.0.40219.1
Project("{2150E333-8FDC-42A3-9474-1A3956D46DE8}") = "CreationalPatterns", "CreationalPatterns", "{406C83CF-620A-40B2-A157-ED89C025506B}"
EndProject
Project("{8BC9CEB8-8B4A-11D0-8D11-00A0C91BC942}") = "Singleton", "Singleton\Singleton.vcxproj", "{478D8DCA-D67A-48BD-8356-670A56A9CFBE}"
EndProject
Project("{8BC9CEB8-8B4A-11D0-8D11-00A0C91BC942}") = "FactoryMethod", "FactoryMethod\FactoryMethod.vcxproj", "{35C33DBD-0E7D-4618-9BBC-641452F8D6AC}"
EndProject
Project("{8BC9CEB8-8B4A-11D0-8D11-00A0C91BC942}") = "Prototype", "Prototype\Prototype.vcxproj", "{EE9FEF4D-2ACF-4A5D-B3FA-4BCE25363AC7}"
EndProject
Project("{8BC9CEB8-8B4A-11D0-8D11-00A0C91BC942}") = "ObjectPool", "ObjectPool\ObjectPool.vcxproj", "{2E69C1A1-2A40-4446-9E02-1053CD9933E7}"
EndProject
Project("{8BC9CEB8-8B4A-11D0-8D11-00A0C91BC942}") = "Builder", "Builder\Builder.vcxproj", "{FB63B455-C219-437E-8050-C00C36FAFC1D}"
EndProject
Project("{8BC9CEB8-8B4A-11D0-8D11-00A0C91BC942}") = "AbstractFactory", "AbstractFactory\AbstractFactory.vcxproj", "{9C2854B7-2378-474F-8974-35E2E575AB0B}"
EndProject
Project("{2150E333-8FDC-42A3-9474-1A3956D46DE8}") = "BehavioralPatterns", "BehavioralPatterns", "{F2493042-E304-4749-9325-CBA5B0454B57}"
EndProject
Project("{8BC9CEB8-8B4A-11D0-8D11-00A0C91BC942}") = "IteratorPattern", "IteratorPattern\IteratorPattern.vcxproj", "{3F44DDDA-D692-4A0C-AC05-8EB9EBEB3AE1}"
EndProject
Global
	GlobalSection(SolutionConfigurationPlatforms) = preSolution
		Debug|x64 = Debug|x64
		Debug|x86 = Debug|x86
		Release|x64 = Release|x64
		Release|x86 = Release|x86
	EndGlobalSection
	GlobalSection(ProjectConfigurationPlatforms) = postSolution
		{478D8DCA-D67A-48BD-8356-670A56A9CFBE}.Debug|x64.ActiveCfg = Debug|x64
		{478D8DCA-D67A-48BD-8356-670A56A9CFBE}.Debug|x64.Build.0 = Debug|x64
		{478D8DCA-D67A-48BD-8356-670A56A9CFBE}.Debug|x86.ActiveCfg = Debug|Win32
		{478D8DCA-D67A-48BD-8356-670A56A9CFBE}.Debug|x86.Build.0 = Debug|Win32
		{478D8DCA-D67A-48BD-8356-670A56A9CFBE}.Release|x64.ActiveCfg = Release|x64
		{478D8DCA-D67A-48BD-8356-670A56A9CFBE}.Release|x64.Build.0 = Release|x64
		{478D8DCA-D67A-48BD-8356-670A56A9CFBE}.Release|x86.ActiveCfg = Release|Win32
		{478D8DCA-D67A-48BD-8356-670A56A9CFBE}.Release|x86.Build.0 = Release|Win32
		{35C33DBD-0E7D-4618-9BBC-641452F8D6AC}.Debug|x64.ActiveCfg = Debug|x64
		{35C33DBD-0E7D-4618-9BBC-641452F8D6AC}.Debug|x64.Build.0 = Debug|x64
		{35C33DBD-0E7D-4618-9BBC-641452F8D6AC}.Debug|x86.ActiveCfg = Debug|Win32
		{35C33DBD-0E7D-4618-9BBC-641452F8D6AC}.Debug|x86.Build.0 = Debug|Win32
		{35C33DBD-0E7D-4618-9BBC-641452F8D6AC}.Release|x64.ActiveCfg = Release|x64
		{35C33DBD-0E7D-4618-9BBC-641452F8D6AC}.Release|x64.Build.0 = Release|x64
		{35C33DBD-0E7D-4618-9BBC-641452F8D6AC}.Release|x86.ActiveCfg = Release|Win32
		{35C33DBD-0E7D-4618-9BBC-641452F8D6AC}.Release|x86.Build.0 = Release|Win32
		{EE9FEF4D-2ACF-4A5D-B3FA-4BCE25363AC7}.Debug|x64.ActiveCfg = Debug|x64
		{EE9FEF4D-2ACF-4A5D-B3FA-4BCE25363AC7}.Debug|x64.Build.0 = Debug|x64
		{EE9FEF4D-2ACF-4A5D-B3FA-4BCE25363AC7}.Debug|x86.ActiveCfg = Debug|Win32
		{EE9FEF4D-2ACF-4A5D-B3FA-4BCE25363AC7}.Debug|x86.Build.0 = Debug|Win32
		{EE9FEF4D-2ACF-4A5D-B3FA-4BCE25363AC7}.Release|x64.ActiveCfg = Release|x64
		{EE9FEF4D-2ACF-4A5D-B3FA-4BCE25363AC7}.Release|x64.Build.0 = Release|x64
		{EE9FEF4D-2ACF-4A5D-B3FA-4BCE25363AC7}.Release|x86.ActiveCfg = Release|Win32
		{EE9FEF4D-2ACF-4A5D-B3FA-4BCE25363AC7}.Release|x86.Build.0 = Release|Win32
		{2E69C1A1-2A40-4446-9E02-1053CD9933E7}.Debug|x64.ActiveCfg = Debug|x64
		{2E69C1A1-2A40-4446-9E02-1053CD9933E7}.Debug|x64.Build.0 = Debug|x64
		{2E69C1A1-2A40-4446-9E02-1053CD9933E7}.Debug|x86.ActiveCfg = Debug|Win32
		{2E69C1A1-2A40-4446-9E02-1053CD9933E7}.Debug|x86.Build.0 = Debug|Win32
		{2E69C1A1-2A40-4446-9E02-1053CD9933E7}.Release|x64.ActiveCfg = Release|x64
		{2E69C1A1-2A40-4446-9E02-1053CD9933E7}.Release|x64.Build.0 = Release|x64
		{2E69C1A1-2A40-4446-9E02-1053CD9933E7}.Release|x86.ActiveCfg = Release|Win32
		{2E69C1A1-2A40-4446-9E02-1053CD9933E7}.Release|x86.Build.0 = Release|Win32
		{FB63B455-C219-437E-8050-C00C36FAFC1D}.Debug|x64.ActiveCfg = Debug|x64
		{FB63B455-C219-437E-8050-C00C36FAFC1D}.Debug|x64.Build.0 = Debug|x64
		{FB63B455-C219-437E-8050-C00C36FAFC1D}.Debug|x86.ActiveCfg = Debug|Win32
		{FB63B455-C219-437E-8050-C00C36FAFC1D}.Debug|x86.Build.0 = Debug|Win32
		{FB63B455-C219-437E-8050-C00C36FAFC1D}.Release|x64.ActiveCfg = Release|x64
		{FB63B455-C219-437E-8050-C00C36FAFC1D}.Release|x64.Build.0 = Release|x64
		{FB63B455-C219-437E-8050-C00C36FAFC1D}.Release|x86.ActiveCfg = Release|Win32
		{FB63B455-C219-437E-8050-C00C36FAFC1D}.Release|x86.Build.0 = Release|Win32
		{9C2854B7-2378-474F-8974-35E2E575AB0B}.Debug|x64.ActiveCfg = Debug|x64
		{9C2854B7-2378-474F-8974-35E2E575AB0B}.Debug|x64.Build.0 = Debug|x64
		{9C2854B7-2378-474F-8974-35E2E575AB0B}.Debug|x86.ActiveCfg = Debug|Win32
		{9C2854B7-2378-474F-8974-35E2E575AB0B}.Debug|x86.Build.0 = Debug|Win32
		{9C2854B7-2378-474F-8974-35E2E575AB0B}.Release|x64.ActiveCfg = Release|x64
		{9C2854B7-2378-474F-8974-35E2E575AB0B}.Release|x64.Build.0 = Release|x64
		{9C2854B7-2378-474F-8974-35E2E575AB0B}.Release|x86.ActiveCfg = Release|Win32
		{9C2854B7-2378-474F-8974-35E2E575AB0B}.Release|x86.Build.0 = Release|Win32
		{3F44DDDA-D692-4A0C-AC05-8EB9EBEB3AE1}.Debug|x64.ActiveCfg = Debug|x64
		{3F44DDDA-D692-4A0C-AC05-8EB9EBEB3AE1}.Debug|x64.Build.0 = Debug|x64
		{3F44DDDA-D692-4A0C-AC05-8EB9EBEB3AE1}.Debug|x86.ActiveCfg = Debug|Win32
		{3F44DDDA-D692-4A0C-AC05-8EB9EBEB3AE1}.Debug|x86.Build.0 = Debug|Win32
		{3F44DDDA-D692-4A0C-AC05-8EB9EBEB3AE1}.Release|x64.ActiveCfg = Release|x64
		{3F44DDDA-D692-4A0C-AC05-8EB9EBEB3AE1}.Release|x64.Build.0 = Release|x64
		{3F44DDDA-D692-4A0C-AC05-8EB9EBEB3AE1}.Release|x86.ActiveCfg = Release|Win32
		{3F44DDDA-D692-4A0C-AC05-8EB9EBEB3AE1}.Release|x86.Build.0 = Release|Win32
	EndGlobalSection
	GlobalSection(SolutionProperties) = preSolution
		HideSolutionNode = FALSE
	EndGlobalSection
	GlobalSection(NestedProjects) = preSolution
		{478D8DCA-D67A-48BD-8356-670A56A9CFBE} = {406C83CF-620A-40B2-A157-ED89C025506B}
		{35C33DBD-0E7D-4618-9BBC-641452F8D6AC} = {406C83CF-620A-40B2-A157-ED89C025506B}
		{EE9FEF4D-2ACF-4A5D-B3FA-4BCE25363AC7} = {406C83CF-620A-40B2-A157-ED89C025506B}
		{2E69C1A1-2A40-4446-9E02-1053CD9933E7} = {406C83CF-620A-40B2-A157-ED89C025506B}
		{FB63B455-C219-437E-8050-C00C36FAFC1D} = {406C83CF-620A-40B2-A157-ED89C025506B}
		{9C2854B7-2378-474F-8974-35E2E575AB0B} = {406C83CF-620A-40B2-A157-ED89C025506B}
		{3F44DDDA-D692-4A0C-AC05-8EB9EBEB3AE1} = {F2493042-E304-4749-9325-CBA5B0454B57}
	EndGlobalSection
	GlobalSection(ExtensibilityGlobals) = postSolution
		SolutionGuid = {AA8B9261-8478-429A-A567-EB908116FF52}
	EndGlobalSection
EndGlobal
